PODS:
  - ActionSheetPicker-3.0 (2.2.0)
  - Arcane (0.5.0)
  - AWSCore (2.5.5)
  - AWSDynamoDB (2.5.5):
    - AWSCore (= 2.5.5)
  - AWSS3 (2.5.5):
    - AWSCore (= 2.5.5)
  - ChameleonFramework/Default (2.1.0)
  - ChameleonFramework/Swift (2.1.0):
    - ChameleonFramework/Default
  - Eureka (3.0.0)
  - FileBrowser (0.2.0)
  - FontAwesome.swift (1.1.2)
  - KDCircularProgress (1.5.2)
  - KeychainAccess (3.0.2)
  - ReachabilitySwift (3)
  - ReactiveSwift (1.0.0-alpha.4):
    - Result (~> 3.0)
  - Realm (2.6.2):
    - Realm/Headers (= 2.6.2)
  - Realm/Headers (2.6.2)
  - RealmSwift (2.6.2):
    - Realm (= 2.6.2)
  - Result (3.2.1)
  - SwiftLocation (2.0.2)
  - TextAttributes (1.0)

DEPENDENCIES:
  - ActionSheetPicker-3.0
  - Arcane (from `https://github.com/onmyway133/Arcane.git`, branch `master`)
  - AWSCore
  - AWSDynamoDB
  - AWSS3
  - ChameleonFramework/Swift (from `https://github.com/ViccAlexander/Chameleon.git`)
  - Eureka (from `https://github.com/xmartlabs/Eureka.git`, branch `master`)
  - FileBrowser
  - FontAwesome.swift (from `https://github.com/thii/FontAwesome.swift.git`, branch `master`)
  - KDCircularProgress
  - KeychainAccess
  - ReachabilitySwift
  - ReactiveSwift (= 1.0.0-alpha.4)
  - Realm
  - RealmSwift
  - SwiftLocation
  - TextAttributes

EXTERNAL SOURCES:
  Arcane:
    :branch: master
    :git: https://github.com/onmyway133/Arcane.git
  ChameleonFramework:
    :git: https://github.com/ViccAlexander/Chameleon.git
  Eureka:
    :branch: master
    :git: https://github.com/xmartlabs/Eureka.git
  FontAwesome.swift:
    :branch: master
    :git: https://github.com/thii/FontAwesome.swift.git

CHECKOUT OPTIONS:
  Arcane:
    :commit: 6768684645f284e8af0ad1a3655264a36d0cc3ef
    :git: https://github.com/onmyway133/Arcane.git
  ChameleonFramework:
    :commit: acc480fbe023c6e5fe40f68593f4a70a8c4c7ad5
    :git: https://github.com/ViccAlexander/Chameleon.git
  Eureka:
    :commit: cd0a057a2612286340e5b7f8ba5d06e6fcd4e2bd
    :git: https://github.com/xmartlabs/Eureka.git
  FontAwesome.swift:
    :commit: b161d350884a07720475b7d4c77485981010215a
    :git: https://github.com/thii/FontAwesome.swift.git

SPEC CHECKSUMS:
  ActionSheetPicker-3.0: d11a4c12c6aaf704b8a3f56d179198c99f3e41e6
  Arcane: 5f01dd42b0aa25c9f6b188cf7af758094a184d54
  AWSCore: 665371d51ccdfe62430c586e3cb8e57eff8ce09d
  AWSDynamoDB: 9f7f84d571a2d8144a80f0562230fcc9461e4ba8
  AWSS3: 7a910824991e5dc13971f7ae73230d354666880e
  ChameleonFramework: d21a3cc247abfe5e37609a283a8238b03575cf64
  Eureka: 5b9418d7bfdc21ca977d69d124a6409f3e9af2c7
  FileBrowser: af8abc035daca66a6066351ae162c4af4c6b24dd
  FontAwesome.swift: b761759b4ce0ba8275b294c0f7c100b9fca72efd
  KDCircularProgress: 12f677b2deb02409ab48c6cae1898d146b8ad549
  KeychainAccess: a986406022dfc7c634c691ad3bec670cc6a32002
  ReachabilitySwift: f5b9bb30a0777fac8f09ce8b067e32faeb29bb64
  ReactiveSwift: 3fa49d2db97609ea700cd2b8f1bfbdd162024f97
  Realm: 29222766425b9f831228f81b63f0e38a97a4d700
  RealmSwift: d161a80f96cb91ae88391a7d5a9cf08024a7bc8e
  Result: 2453a22e5c5b11c0c3a478736e82cd02f763b781
  SwiftLocation: 887fa007f6f0567dfd00543c3fb356c4c793c2a6
  TextAttributes: 45b2713a1d174c377d320b51129c304eac381638

PODFILE CHECKSUM: 8624b0dd6efc310f00c84657975598ca02310c27

COCOAPODS: 1.2.1
